{
  "name": "texttext-hocuspocus-evaluation",
  "lockfileVersion": 3,
  "requires": true,
  "packages": {
    "": {
      "name": "texttext-hocuspocus-evaluation",
      "dependencies": {
        "@hocuspocus/provider": "4.7.0",
        "@hocuspocus/server": "4.7.0",
        "ws": "8.22.0",
        "y-indexeddb": "9.0.12",
        "yjs": "13.6.31"
      }
    },
    "node_modules/@hocuspocus/common": {
      "version": "4.7.0",
      "resolved": "https://registry.npmjs.org/@hocuspocus/common/-/common-4.7.0.tgz",
      "integrity": "sha512-KyS6dXoIcWsd+v3gwd6nnZW04M77df5XstPNkOwqoDxwuncygobEN7xsf0x2PmdvlQdQyRaLm2SF4r1GZZGRnA==",
      "license": "MIT",
      "dependencies": {
        "lib0": "^0.2.117"
      }
    },
    "node_modules/@hocuspocus/provider": {
      "version": "4.7.0",
      "resolved": "https://registry.npmjs.org/@hocuspocus/provider/-/provider-4.7.0.tgz",
      "integrity": "sha512-BOAqoj6g4EZQ9pTwIiR7bNl1QkMAnrr8EY69jMcdhSLFtTrsKaE8hsDIEncPFnGq+khWRFCAPEJSM7F9HC7fvQ==",
      "license": "MIT",
      "dependencies": {
        "@hocuspocus/common": "^4.7.0",
        "@lifeomic/attempt": "^3.1.0",
        "lib0": "^0.2.117"
      },
      "peerDependencies": {
        "y-protocols": "^1.0.6",
        "yjs": "^13.6.8"
      }
    },
    "node_modules/@hocuspocus/server": {
      "version": "4.7.0",
      "resolved": "https://registry.npmjs.org/@hocuspocus/server/-/server-4.7.0.tgz",
      "integrity": "sha512-rlHSxGXEkYvHgQa9Q8prjMHChIl7daZlXL1pezifS8j+svLHQPKLfevNBxFKc+ZW5pLpUiUJGU++O8eJlSt3Ew==",
      "license": "MIT",
      "dependencies": {
        "@hocuspocus/common": "^4.7.0",
        "async-mutex": "^0.5.0",
        "crossws": "^0.4.4",
        "kleur": "^4.1.5",
        "lib0": "^0.2.117"
      },
      "engines": {
        "node": ">=22"
      },
      "peerDependencies": {
        "y-protocols": "^1.0.6",
        "yjs": "^13.6.8"
      }
    },
    "node_modules/@lifeomic/attempt": {
      "version": "3.1.0",
      "resolved": "https://registry.npmjs.org/@lifeomic/attempt/-/attempt-3.1.0.tgz",
      "integrity": "sha512-QZqem4QuAnAyzfz+Gj5/+SLxqwCAw2qmt7732ZXodr6VDWGeYLG6w1i/vYLa55JQM9wRuBKLmXmiZ2P0LtE5rw==",
      "license": "MIT"
    },
    "node_modules/async-mutex": {
      "version": "0.5.0",
      "resolved": "https://registry.npmjs.org/async-mutex/-/async-mutex-0.5.0.tgz",
      "integrity": "sha512-1A94B18jkJ3DYq284ohPxoXbfTA5HsQ7/Mf4DEhcyLx3Bz27Rh59iScbB6EPiP+B+joue6YCxcMXSbFC1tZKwA==",
      "license": "MIT",
      "dependencies": {
        "tslib": "^2.4.0"
      }
    },
    "node_modules/crossws": {
      "version": "0.4.15",
      "resolved": "https://registry.npmjs.org/crossws/-/crossws-0.4.15.tgz",
      "integrity": "sha512-NsUOpDZosz7nyI+qEIl05yaiXOWaXH2oTeM+XBWtiSWZtb5rzcIsl1AST/HzM2jzUn76eFuyrkn83E6iSBRUvw==",
      "license": "MIT",
      "peerDependencies": {
        "srvx": ">=0.11.5"
      },
      "peerDependenciesMeta": {
        "srvx": {
          "optional": true
        }
      }
    },
    "node_modules/isomorphic.js": {
      "version": "0.2.5",
      "resolved": "https://registry.npmjs.org/isomorphic.js/-/isomorphic.js-0.2.5.tgz",
      "integrity": "sha512-PIeMbHqMt4DnUP3MA/Flc0HElYjMXArsw1qwJZcm9sqR8mq3l8NYizFMty0pWwE/tzIGH3EKK5+jes5mAr85yw==",
      "license": "MIT",
      "funding": {
        "type": "GitHub Sponsors ❤",
        "url": "https://github.com/sponsors/dmonad"
      }
    },
    "node_modules/kleur": {
      "version": "4.1.5",
      "resolved": "https://registry.npmjs.org/kleur/-/kleur-4.1.5.tgz",
      "integrity": "sha512-o+NO+8WrRiQEE4/7nwRJhN1HWpVmJm511pBHUxPLtp0BUISzlBplORYSmTclCnJvQq2tKu/sgl3xVpkc7ZWuQQ==",
      "license": "MIT",
      "engines": {
        "node": ">=6"
      }
    },
    "node_modules/lib0": {
      "version": "0.2.119",
      "resolved": "https://registry.npmjs.org/lib0/-/lib0-0.2.119.tgz",
      "integrity": "sha512-vh+TiejVy8Xm+hCdnRfn9BthGNvNUZdEXltNjVZL3TzRIKP3s1lnQh8pWd/Q0wCgY0FPAGVVjFF4ZiHUV3LFgA==",
      "license": "MIT",
      "dependencies": {
        "isomorphic.js": "^0.2.4"
      },
      "bin": {
        "0ecdsa-generate-keypair": "bin/0ecdsa-generate-keypair.js",
        "0gentesthtml": "bin/gentesthtml.js",
        "0serve": "bin/0serve.js"
      },
      "engines": {
        "node": ">=16"
      },
      "funding": {
        "type": "GitHub Sponsors ❤",
        "url": "https://github.com/sponsors/dmonad"
      }
    },
    "node_modules/tslib": {
      "version": "2.8.1",
      "resolved": "https://registry.npmjs.org/tslib/-/tslib-2.8.1.tgz",
      "integrity": "sha512-oJFu94HQb+KVduSUQL7wnpmqnfmLsOA/nAh6b6EH0wCEoK0/mPeXU6c3wKDV83MkOuHPRHtSXKKU99IBazS/2w==",
      "license": "0BSD"
    },
    "node_modules/ws": {
      "version": "8.22.0",
      "resolved": "https://registry.npmjs.org/ws/-/ws-8.22.0.tgz",
      "integrity": "sha512-Ydggc987+RO0AnWtZ/7Wq9FtNvcrL1b/RO0ud9mWjUPgDrsAAwQSF51sm2hm1XofbU/4jkpGEsLFsZZxU+1DOg==",
      "license": "MIT",
      "engines": {
        "node": ">=10.0.0"
      },
      "peerDependencies": {
        "bufferutil": "^4.0.1",
        "utf-8-validate": ">=5.0.2"
      },
      "peerDependenciesMeta": {
        "bufferutil": {
          "optional": true
        },
        "utf-8-validate": {
          "optional": true
        }
      }
    },
    "node_modules/y-indexeddb": {
      "version": "9.0.12",
      "resolved": "https://registry.npmjs.org/y-indexeddb/-/y-indexeddb-9.0.12.tgz",
      "integrity": "sha512-9oCFRSPPzBK7/w5vOkJBaVCQZKHXB/v6SIT+WYhnJxlEC61juqG0hBrAf+y3gmSMLFLwICNH9nQ53uscuse6Hg==",
      "license": "MIT",
      "dependencies": {
        "lib0": "^0.2.74"
      },
      "engines": {
        "node": ">=16.0.0",
        "npm": ">=8.0.0"
      },
      "funding": {
        "type": "GitHub Sponsors ❤",
        "url": "https://github.com/sponsors/dmonad"
      },
      "peerDependencies": {
        "yjs": "^13.0.0"
      }
    },
    "node_modules/y-protocols": {
      "version": "1.0.7",
      "resolved": "https://registry.npmjs.org/y-protocols/-/y-protocols-1.0.7.tgz",
      "integrity": "sha512-YSVsLoXxO67J6eE/nV4AtFtT3QEotZf5sK5BHxFBXso7VDUT3Tx07IfA6hsu5Q5OmBdMkQVmFZ9QOA7fikWvnw==",
      "license": "MIT",
      "peer": true,
      "dependencies": {
        "lib0": "^0.2.85"
      },
      "engines": {
        "node": ">=16.0.0",
        "npm": ">=8.0.0"
      },
      "funding": {
        "type": "GitHub Sponsors ❤",
        "url": "https://github.com/sponsors/dmonad"
      },
      "peerDependencies": {
        "yjs": "^13.0.0"
      }
    },
    "node_modules/yjs": {
      "version": "13.6.31",
      "resolved": "https://registry.npmjs.org/yjs/-/yjs-13.6.31.tgz",
      "integrity": "sha512-Eq+5BRfbeGyqGVrTJL3bEcr8gKkxPuyuoHmAwpk52fDb8kOVMrfVSTRPd6yiGgX5Fskb96qCRjzjbRjrL4YEnw==",
      "license": "MIT",
      "dependencies": {
        "lib0": "^0.2.99"
      },
      "engines": {
        "node": ">=16.0.0",
        "npm": ">=8.0.0"
      },
      "funding": {
        "type": "GitHub Sponsors ❤",
        "url": "https://github.com/sponsors/dmonad"
      }
    }
  }
}
